// !$*UTF8*$!
{
	archiveVersion = 1;
	classes = {
	};
	objectVersion = 56;
	objects = {

/* Begin PBXBuildFile section */
		88727BEC2CDCA57700EFF8DF /* AppDelegate.swift in Sources */ = {isa = PBXBuildFile; fileRef = 88727BEB2CDCA57700EFF8DF /* AppDelegate.swift */; };
		88727BEE2CDCA57700EFF8DF /* SceneDelegate.swift in Sources */ = {isa = PBXBuildFile; fileRef = 88727BED2CDCA57700EFF8DF /* SceneDelegate.swift */; };
		88727BF02CDCA57700EFF8DF /* NasaViewController.swift in Sources */ = {isa = PBXBuildFile; fileRef = 88727BEF2CDCA57700EFF8DF /* NasaViewController.swift */; };
		88727BF52CDCA57800EFF8DF /* Assets.xcassets in Resources */ = {isa = PBXBuildFile; fileRef = 88727BF42CDCA57800EFF8DF /* Assets.xcassets */; };
		88727BF82CDCA57800EFF8DF /* Base in Resources */ = {isa = PBXBuildFile; fileRef = 88727BF72CDCA57800EFF8DF /* Base */; };
		88727C002CDCA5D200EFF8DF /* .gitignore in Resources */ = {isa = PBXBuildFile; fileRef = 88727BFF2CDCA5D200EFF8DF /* .gitignore */; };
		88727C032CDCA9B200EFF8DF /* SnapKit in Frameworks */ = {isa = PBXBuildFile; productRef = 88727C022CDCA9B200EFF8DF /* SnapKit */; };
		88727C052CDCADC300EFF8DF /* APIManager.swift in Sources */ = {isa = PBXBuildFile; fileRef = 88727C042CDCADC300EFF8DF /* APIManager.swift */; };
		88727C072CDCB10F00EFF8DF /* URLSession+.swift in Sources */ = {isa = PBXBuildFile; fileRef = 88727C062CDCB10F00EFF8DF /* URLSession+.swift */; };
		88727C0A2CDCB2AB00EFF8DF /* Toast in Frameworks */ = {isa = PBXBuildFile; productRef = 88727C092CDCB2AB00EFF8DF /* Toast */; };
		888FF1A72CE5CD3300801682 /* LoginViewController.swift in Sources */ = {isa = PBXBuildFile; fileRef = 888FF1A62CE5CD3300801682 /* LoginViewController.swift */; };
		888FF1A92CE5CD3A00801682 /* MainViewController.swift in Sources */ = {isa = PBXBuildFile; fileRef = 888FF1A82CE5CD3A00801682 /* MainViewController.swift */; };
		888FF1AB2CE5CF2F00801682 /* AppCoordinator.swift in Sources */ = {isa = PBXBuildFile; fileRef = 888FF1AA2CE5CF2F00801682 /* AppCoordinator.swift */; };
		888FF1AD2CE5CF3500801682 /* MainCoordinator.swift in Sources */ = {isa = PBXBuildFile; fileRef = 888FF1AC2CE5CF3500801682 /* MainCoordinator.swift */; };
		888FF1AF2CE5CF3B00801682 /* Coordinator.swift in Sources */ = {isa = PBXBuildFile; fileRef = 888FF1AE2CE5CF3B00801682 /* Coordinator.swift */; };
		888FF1B12CE5CFCC00801682 /* LoginCoordinator.swift in Sources */ = {isa = PBXBuildFile; fileRef = 888FF1B02CE5CFCC00801682 /* LoginCoordinator.swift */; };
		88C016202CE2F76E00C5E72B /* DependencyViewController.swift in Sources */ = {isa = PBXBuildFile; fileRef = 88C0161F2CE2F76E00C5E72B /* DependencyViewController.swift */; };
		88C016222CE30C2C00C5E72B /* DependencyContainer.swift in Sources */ = {isa = PBXBuildFile; fileRef = 88C016212CE30C2C00C5E72B /* DependencyContainer.swift */; };
		88D743C22CE1D2A400EB99FC /* NetworkTest.swift in Sources */ = {isa = PBXBuildFile; fileRef = 88D743C12CE1D2A400EB99FC /* NetworkTest.swift */; };
		88D743CB2CE1EA6F00EB99FC /* ContinuationViewController.swift in Sources */ = {isa = PBXBuildFile; fileRef = 88D743CA2CE1EA6F00EB99FC /* ContinuationViewController.swift */; };
		88D743CF2CE1FC2C00EB99FC /* Kingfisher in Frameworks */ = {isa = PBXBuildFile; productRef = 88D743CE2CE1FC2C00EB99FC /* Kingfisher */; };
		88EA883B2CE3991300AA5DF9 /* PropertyViewController.swift in Sources */ = {isa = PBXBuildFile; fileRef = 88EA883A2CE3991300AA5DF9 /* PropertyViewController.swift */; };
/* End PBXBuildFile section */

/* Begin PBXContainerItemProxy section */
		88D743C32CE1D2A400EB99FC /* PBXContainerItemProxy */ = {
			isa = PBXContainerItemProxy;
			containerPortal = 88727BE02CDCA57700EFF8DF /* Project object */;
			proxyType = 1;
			remoteGlobalIDString = 88727BE72CDCA57700EFF8DF;
			remoteInfo = Test;
		};
/* End PBXContainerItemProxy section */

/* Begin PBXFileReference section */
		88727BE82CDCA57700EFF8DF /* Test.app */ = {isa = PBXFileReference; explicitFileType = wrapper.application; includeInIndex = 0; path = Test.app; sourceTree = BUILT_PRODUCTS_DIR; };
		88727BEB2CDCA57700EFF8DF /* AppDelegate.swift */ = {isa = PBXFileReference; lastKnownFileType = sourcecode.swift; path = AppDelegate.swift; sourceTree = "<group>"; };
		88727BED2CDCA57700EFF8DF /* SceneDelegate.swift */ = {isa = PBXFileReference; lastKnownFileType = sourcecode.swift; path = SceneDelegate.swift; sourceTree = "<group>"; };
		88727BEF2CDCA57700EFF8DF /* NasaViewController.swift */ = {isa = PBXFileReference; lastKnownFileType = sourcecode.swift; path = NasaViewController.swift; sourceTree = "<group>"; };
		88727BF42CDCA57800EFF8DF /* Assets.xcassets */ = {isa = PBXFileReference; lastKnownFileType = folder.assetcatalog; path = Assets.xcassets; sourceTree = "<group>"; };
		88727BF72CDCA57800EFF8DF /* Base */ = {isa = PBXFileReference; lastKnownFileType = file.storyboard; name = Base; path = Base.lproj/LaunchScreen.storyboard; sourceTree = "<group>"; };
		88727BF92CDCA57800EFF8DF /* Info.plist */ = {isa = PBXFileReference; lastKnownFileType = text.plist.xml; path = Info.plist; sourceTree = "<group>"; };
		88727BFF2CDCA5D200EFF8DF /* .gitignore */ = {isa = PBXFileReference; lastKnownFileType = text; path = .gitignore; sourceTree = "<group>"; };
		88727C042CDCADC300EFF8DF /* APIManager.swift */ = {isa = PBXFileReference; lastKnownFileType = sourcecode.swift; path = APIManager.swift; sourceTree = "<group>"; };
		88727C062CDCB10F00EFF8DF /* URLSession+.swift */ = {isa = PBXFileReference; lastKnownFileType = sourcecode.swift; path = "URLSession+.swift"; sourceTree = "<group>"; };
		888FF1A62CE5CD3300801682 /* LoginViewController.swift */ = {isa = PBXFileReference; lastKnownFileType = sourcecode.swift; path = LoginViewController.swift; sourceTree = "<group>"; };
		888FF1A82CE5CD3A00801682 /* MainViewController.swift */ = {isa = PBXFileReference; lastKnownFileType = sourcecode.swift; path = MainViewController.swift; sourceTree = "<group>"; };
		888FF1AA2CE5CF2F00801682 /* AppCoordinator.swift */ = {isa = PBXFileReference; lastKnownFileType = sourcecode.swift; path = AppCoordinator.swift; sourceTree = "<group>"; };
		888FF1AC2CE5CF3500801682 /* MainCoordinator.swift */ = {isa = PBXFileReference; lastKnownFileType = sourcecode.swift; path = MainCoordinator.swift; sourceTree = "<group>"; };
		888FF1AE2CE5CF3B00801682 /* Coordinator.swift */ = {isa = PBXFileReference; lastKnownFileType = sourcecode.swift; path = Coordinator.swift; sourceTree = "<group>"; };
		888FF1B02CE5CFCC00801682 /* LoginCoordinator.swift */ = {isa = PBXFileReference; lastKnownFileType = sourcecode.swift; path = LoginCoordinator.swift; sourceTree = "<group>"; };
		88C0161F2CE2F76E00C5E72B /* DependencyViewController.swift */ = {isa = PBXFileReference; lastKnownFileType = sourcecode.swift; path = DependencyViewController.swift; sourceTree = "<group>"; };
		88C016212CE30C2C00C5E72B /* DependencyContainer.swift */ = {isa = PBXFileReference; lastKnownFileType = sourcecode.swift; path = DependencyContainer.swift; sourceTree = "<group>"; };
		88D743BF2CE1D2A400EB99FC /* NetworkTest.xctest */ = {isa = PBXFileReference; explicitFileType = wrapper.cfbundle; includeInIndex = 0; path = NetworkTest.xctest; sourceTree = BUILT_PRODUCTS_DIR; };
		88D743C12CE1D2A400EB99FC /* NetworkTest.swift */ = {isa = PBXFileReference; lastKnownFileType = sourcecode.swift; path = NetworkTest.swift; sourceTree = "<group>"; };
		88D743CA2CE1EA6F00EB99FC /* ContinuationViewController.swift */ = {isa = PBXFileReference; lastKnownFileType = sourcecode.swift; path = ContinuationViewController.swift; sourceTree = "<group>"; };
		88EA883A2CE3991300AA5DF9 /* PropertyViewController.swift */ = {isa = PBXFileReference; lastKnownFileType = sourcecode.swift; path = PropertyViewController.swift; sourceTree = "<group>"; };
/* End PBXFileReference section */

/* Begin PBXFrameworksBuildPhase section */
		88727BE52CDCA57700EFF8DF /* Frameworks */ = {
			isa = PBXFrameworksBuildPhase;
			buildActionMask = 2147483647;
			files = (
				88D743CF2CE1FC2C00EB99FC /* Kingfisher in Frameworks */,
				88727C0A2CDCB2AB00EFF8DF /* Toast in Frameworks */,
				88727C032CDCA9B200EFF8DF /* SnapKit in Frameworks */,
			);
			runOnlyForDeploymentPostprocessing = 0;
		};
		88D743BC2CE1D2A400EB99FC /* Frameworks */ = {
			isa = PBXFrameworksBuildPhase;
			buildActionMask = 2147483647;
			files = (
			);
			runOnlyForDeploymentPostprocessing = 0;
		};
/* End PBXFrameworksBuildPhase section */

/* Begin PBXGroup section */
		88727BDF2CDCA57700EFF8DF = {
			isa = PBXGroup;
			children = (
				88727BFF2CDCA5D200EFF8DF /* .gitignore */,
				88727BEA2CDCA57700EFF8DF /* Test */,
				88D743C02CE1D2A400EB99FC /* NetworkTest */,
				88727BE92CDCA57700EFF8DF /* Products */,
			);
			sourceTree = "<group>";
		};
		88727BE92CDCA57700EFF8DF /* Products */ = {
			isa = PBXGroup;
			children = (
				88727BE82CDCA57700EFF8DF /* Test.app */,
				88D743BF2CE1D2A400EB99FC /* NetworkTest.xctest */,
			);
			name = Products;
			sourceTree = "<group>";
		};
		88727BEA2CDCA57700EFF8DF /* Test */ = {
			isa = PBXGroup;
			children = (
				888FF1A52CE5CD2C00801682 /* Coordinator */,
				88D743D12CE255F100EB99FC /* Applictation */,
				88D743D02CE255E700EB99FC /* Dependency */,
				88D743C92CE1DE1D00EB99FC /* Extension */,
				88D743C82CE1DE1000EB99FC /* Concurrency */,
				88727BF42CDCA57800EFF8DF /* Assets.xcassets */,
				88727BF62CDCA57800EFF8DF /* LaunchScreen.storyboard */,
				88727BF92CDCA57800EFF8DF /* Info.plist */,
			);
			path = Test;
			sourceTree = "<group>";
		};
		888FF1A52CE5CD2C00801682 /* Coordinator */ = {
			isa = PBXGroup;
			children = (
				888FF1B32CE5FE2F00801682 /* Login */,
				888FF1B22CE5FE2100801682 /* Main */,
				888FF1AA2CE5CF2F00801682 /* AppCoordinator.swift */,
				888FF1AE2CE5CF3B00801682 /* Coordinator.swift */,
			);
			path = Coordinator;
			sourceTree = "<group>";
		};
		888FF1B22CE5FE2100801682 /* Main */ = {
			isa = PBXGroup;
			children = (
				888FF1A82CE5CD3A00801682 /* MainViewController.swift */,
				888FF1AC2CE5CF3500801682 /* MainCoordinator.swift */,
			);
			path = Main;
			sourceTree = "<group>";
		};
		888FF1B32CE5FE2F00801682 /* Login */ = {
			isa = PBXGroup;
			children = (
				888FF1A62CE5CD3300801682 /* LoginViewController.swift */,
				888FF1B02CE5CFCC00801682 /* LoginCoordinator.swift */,
			);
			path = Login;
			sourceTree = "<group>";
		};
		88D743C02CE1D2A400EB99FC /* NetworkTest */ = {
			isa = PBXGroup;
			children = (
				88D743C12CE1D2A400EB99FC /* NetworkTest.swift */,
			);
			path = NetworkTest;
			sourceTree = "<group>";
		};
		88D743C82CE1DE1000EB99FC /* Concurrency */ = {
			isa = PBXGroup;
			children = (
				88727C042CDCADC300EFF8DF /* APIManager.swift */,
				88727BEF2CDCA57700EFF8DF /* NasaViewController.swift */,
				88D743CA2CE1EA6F00EB99FC /* ContinuationViewController.swift */,
			);
			path = Concurrency;
			sourceTree = "<group>";
		};
		88D743C92CE1DE1D00EB99FC /* Extension */ = {
			isa = PBXGroup;
			children = (
				88727C062CDCB10F00EFF8DF /* URLSession+.swift */,
			);
			path = Extension;
			sourceTree = "<group>";
		};
		88D743D02CE255E700EB99FC /* Dependency */ = {
			isa = PBXGroup;
			children = (
				88C0161F2CE2F76E00C5E72B /* DependencyViewController.swift */,
				88C016212CE30C2C00C5E72B /* DependencyContainer.swift */,
				88EA883A2CE3991300AA5DF9 /* PropertyViewController.swift */,
			);
			path = Dependency;
			sourceTree = "<group>";
		};
		88D743D12CE255F100EB99FC /* Applictation */ = {
			isa = PBXGroup;
			children = (
				88727BEB2CDCA57700EFF8DF /* AppDelegate.swift */,
				88727BED2CDCA57700EFF8DF /* SceneDelegate.swift */,
			);
			path = Applictation;
			sourceTree = "<group>";
		};
/* End PBXGroup section */

/* Begin PBXNativeTarget section */
		88727BE72CDCA57700EFF8DF /* Test */ = {
			isa = PBXNativeTarget;
			buildConfigurationList = 88727BFC2CDCA57800EFF8DF /* Build configuration list for PBXNativeTarget "Test" */;
			buildPhases = (
				88727BE42CDCA57700EFF8DF /* Sources */,
				88727BE52CDCA57700EFF8DF /* Frameworks */,
				88727BE62CDCA57700EFF8DF /* Resources */,
			);
			buildRules = (
			);
			dependencies = (
			);
			name = Test;
			packageProductDependencies = (
				88727C022CDCA9B200EFF8DF /* SnapKit */,
				88727C092CDCB2AB00EFF8DF /* Toast */,
				88D743CE2CE1FC2C00EB99FC /* Kingfisher */,
			);
			productName = Test;
			productReference = 88727BE82CDCA57700EFF8DF /* Test.app */;
			productType = "com.apple.product-type.application";
		};
		88D743BE2CE1D2A400EB99FC /* NetworkTest */ = {
			isa = PBXNativeTarget;
			buildConfigurationList = 88D743C52CE1D2A400EB99FC /* Build configuration list for PBXNativeTarget "NetworkTest" */;
			buildPhases = (
				88D743BB2CE1D2A400EB99FC /* Sources */,
				88D743BC2CE1D2A400EB99FC /* Frameworks */,
				88D743BD2CE1D2A400EB99FC /* Resources */,
			);
			buildRules = (
			);
			dependencies = (
				88D743C42CE1D2A400EB99FC /* PBXTargetDependency */,
			);
			name = NetworkTest;
			productName = NetworkTest;
			productReference = 88D743BF2CE1D2A400EB99FC /* NetworkTest.xctest */;
			productType = "com.apple.product-type.bundle.unit-test";
		};
/* End PBXNativeTarget section */

/* Begin PBXProject section */
		88727BE02CDCA57700EFF8DF /* Project object */ = {
			isa = PBXProject;
			attributes = {
				BuildIndependentTargetsInParallel = 1;
				LastSwiftUpdateCheck = 1540;
				LastUpgradeCheck = 1540;
				TargetAttributes = {
					88727BE72CDCA57700EFF8DF = {
						CreatedOnToolsVersion = 15.4;
					};
					88D743BE2CE1D2A400EB99FC = {
						CreatedOnToolsVersion = 15.4;
						TestTargetID = 88727BE72CDCA57700EFF8DF;
					};
				};
			};
			buildConfigurationList = 88727BE32CDCA57700EFF8DF /* Build configuration list for PBXProject "Test" */;
			compatibilityVersion = "Xcode 14.0";
			developmentRegion = en;
			hasScannedForEncodings = 0;
			knownRegions = (
				en,
				Base,
			);
			mainGroup = 88727BDF2CDCA57700EFF8DF;
			packageReferences = (
				88727C012CDCA9B200EFF8DF /* XCRemoteSwiftPackageReference "SnapKit" */,
				88727C082CDCB2AB00EFF8DF /* XCRemoteSwiftPackageReference "Toast-Swift" */,
				88D743CD2CE1FC2C00EB99FC /* XCRemoteSwiftPackageReference "Kingfisher" */,
			);
			productRefGroup = 88727BE92CDCA57700EFF8DF /* Products */;
			projectDirPath = "";
			projectRoot = "";
			targets = (
				88727BE72CDCA57700EFF8DF /* Test */,
				88D743BE2CE1D2A400EB99FC /* NetworkTest */,
			);
		};
/* End PBXProject section */

/* Begin PBXResourcesBuildPhase section */
		88727BE62CDCA57700EFF8DF /* Resources */ = {
			isa = PBXResourcesBuildPhase;
			buildActionMask = 2147483647;
			files = (
				88727C002CDCA5D200EFF8DF /* .gitignore in Resources */,
				88727BF52CDCA57800EFF8DF /* Assets.xcassets in Resources */,
				88727BF82CDCA57800EFF8DF /* Base in Resources */,
			);
			runOnlyForDeploymentPostprocessing = 0;
		};
		88D743BD2CE1D2A400EB99FC /* Resources */ = {
			isa = PBXResourcesBuildPhase;
			buildActionMask = 2147483647;
			files = (
			);
			runOnlyForDeploymentPostprocessing = 0;
		};
/* End PBXResourcesBuildPhase section */

/* Begin PBXSourcesBuildPhase section */
		88727BE42CDCA57700EFF8DF /* Sources */ = {
			isa = PBXSourcesBuildPhase;
			buildActionMask = 2147483647;
			files = (
				888FF1AB2CE5CF2F00801682 /* AppCoordinator.swift in Sources */,
				88727C052CDCADC300EFF8DF /* APIManager.swift in Sources */,
				888FF1A92CE5CD3A00801682 /* MainViewController.swift in Sources */,
				88727BF02CDCA57700EFF8DF /* NasaViewController.swift in Sources */,
				88D743CB2CE1EA6F00EB99FC /* ContinuationViewController.swift in Sources */,
				88727BEC2CDCA57700EFF8DF /* AppDelegate.swift in Sources */,
				888FF1AF2CE5CF3B00801682 /* Coordinator.swift in Sources */,
				88727BEE2CDCA57700EFF8DF /* SceneDelegate.swift in Sources */,
				88727C072CDCB10F00EFF8DF /* URLSession+.swift in Sources */,
				88C016222CE30C2C00C5E72B /* DependencyContainer.swift in Sources */,
				88EA883B2CE3991300AA5DF9 /* PropertyViewController.swift in Sources */,
				888FF1AD2CE5CF3500801682 /* MainCoordinator.swift in Sources */,
				888FF1B12CE5CFCC00801682 /* LoginCoordinator.swift in Sources */,
				888FF1A72CE5CD3300801682 /* LoginViewController.swift in Sources */,
				88C016202CE2F76E00C5E72B /* DependencyViewController.swift in Sources */,
			);
			runOnlyForDeploymentPostprocessing = 0;
		};
		88D743BB2CE1D2A400EB99FC /* Sources */ = {
			isa = PBXSourcesBuildPhase;
			buildActionMask = 2147483647;
			files = (
				88D743C22CE1D2A400EB99FC /* NetworkTest.swift in Sources */,
			);
			runOnlyForDeploymentPostprocessing = 0;
		};
/* End PBXSourcesBuildPhase section */

/* Begin PBXTargetDependency section */
		88D743C42CE1D2A400EB99FC /* PBXTargetDependency */ = {
			isa = PBXTargetDependency;
			target = 88727BE72CDCA57700EFF8DF /* Test */;
			targetProxy = 88D743C32CE1D2A400EB99FC /* PBXContainerItemProxy */;
		};
/* End PBXTargetDependency section */

/* Begin PBXVariantGroup section */
		88727BF62CDCA57800EFF8DF /* LaunchScreen.storyboard */ = {
			isa = PBXVariantGroup;
			children = (
				88727BF72CDCA57800EFF8DF /* Base */,
			);
			name = LaunchScreen.storyboard;
			sourceTree = "<group>";
		};
/* End PBXVariantGroup section */

/* Begin XCBuildConfiguration section */
		88727BFA2CDCA57800EFF8DF /* Debug */ = {
			isa = XCBuildConfiguration;
			buildSettings = {
				ALWAYS_SEARCH_USER_PATHS = NO;
				ASSETCATALOG_COMPILER_GENERATE_SWIFT_ASSET_SYMBOL_EXTENSIONS = YES;
				CLANG_ANALYZER_NONNULL = YES;
				CLANG_ANALYZER_NUMBER_OBJECT_CONVERSION = YES_AGGRESSIVE;
				CLANG_CXX_LANGUAGE_STANDARD = "gnu++20";
				CLANG_ENABLE_MODULES = YES;
				CLANG_ENABLE_OBJC_ARC = YES;
				CLANG_ENABLE_OBJC_WEAK = YES;
				CLANG_WARN_BLOCK_CAPTURE_AUTORELEASING = YES;
				CLANG_WARN_BOOL_CONVERSION = YES;
				CLANG_WARN_COMMA = YES;
				CLANG_WARN_CONSTANT_CONVERSION = YES;
				CLANG_WARN_DEPRECATED_OBJC_IMPLEMENTATIONS = YES;
				CLANG_WARN_DIRECT_OBJC_ISA_USAGE = YES_ERROR;
				CLANG_WARN_DOCUMENTATION_COMMENTS = YES;
				CLANG_WARN_EMPTY_BODY = YES;
				CLANG_WARN_ENUM_CONVERSION = YES;
				CLANG_WARN_INFINITE_RECURSION = YES;
				CLANG_WARN_INT_CONVERSION = YES;
				CLANG_WARN_NON_LITERAL_NULL_CONVERSION = YES;
				CLANG_WARN_OBJC_IMPLICIT_RETAIN_SELF = YES;
				CLANG_WARN_OBJC_LITERAL_CONVERSION = YES;
				CLANG_WARN_OBJC_ROOT_CLASS = YES_ERROR;
				CLANG_WARN_QUOTED_INCLUDE_IN_FRAMEWORK_HEADER = YES;
				CLANG_WARN_RANGE_LOOP_ANALYSIS = YES;
				CLANG_WARN_STRICT_PROTOTYPES = YES;
				CLANG_WARN_SUSPICIOUS_MOVE = YES;
				CLANG_WARN_UNGUARDED_AVAILABILITY = YES_AGGRESSIVE;
				CLANG_WARN_UNREACHABLE_CODE = YES;
				CLANG_WARN__DUPLICATE_METHOD_MATCH = YES;
				COPY_PHASE_STRIP = NO;
				DEBUG_INFORMATION_FORMAT = dwarf;
				ENABLE_STRICT_OBJC_MSGSEND = YES;
				ENABLE_TESTABILITY = YES;
				ENABLE_USER_SCRIPT_SANDBOXING = YES;
				GCC_C_LANGUAGE_STANDARD = gnu17;
				GCC_DYNAMIC_NO_PIC = NO;
				GCC_NO_COMMON_BLOCKS = YES;
				GCC_OPTIMIZATION_LEVEL = 0;
				GCC_PREPROCESSOR_DEFINITIONS = (
					"DEBUG=1",
					"$(inherited)",
				);
				GCC_WARN_64_TO_32_BIT_CONVERSION = YES;
				GCC_WARN_ABOUT_RETURN_TYPE = YES_ERROR;
				GCC_WARN_UNDECLARED_SELECTOR = YES;
				GCC_WARN_UNINITIALIZED_AUTOS = YES_AGGRESSIVE;
				GCC_WARN_UNUSED_FUNCTION = YES;
				GCC_WARN_UNUSED_VARIABLE = YES;
				IPHONEOS_DEPLOYMENT_TARGET = 17.5;
				LOCALIZATION_PREFERS_STRING_CATALOGS = YES;
				MTL_ENABLE_DEBUG_INFO = INCLUDE_SOURCE;
				MTL_FAST_MATH = YES;
				ONLY_ACTIVE_ARCH = YES;
				SDKROOT = iphoneos;
				SWIFT_ACTIVE_COMPILATION_CONDITIONS = "DEBUG $(inherited)";
				SWIFT_OPTIMIZATION_LEVEL = "-Onone";
			};
			name = Debug;
		};
		88727BFB2CDCA57800EFF8DF /* Release */ = {
			isa = XCBuildConfiguration;
			buildSettings = {
				ALWAYS_SEARCH_USER_PATHS = NO;
				ASSETCATALOG_COMPILER_GENERATE_SWIFT_ASSET_SYMBOL_EXTENSIONS = YES;
				CLANG_ANALYZER_NONNULL = YES;
				CLANG_ANALYZER_NUMBER_OBJECT_CONVERSION = YES_AGGRESSIVE;
				CLANG_CXX_LANGUAGE_STANDARD = "gnu++20";
				CLANG_ENABLE_MODULES = YES;
				CLANG_ENABLE_OBJC_ARC = YES;
				CLANG_ENABLE_OBJC_WEAK = YES;
				CLANG_WARN_BLOCK_CAPTURE_AUTORELEASING = YES;
				CLANG_WARN_BOOL_CONVERSION = YES;
				CLANG_WARN_COMMA = YES;
				CLANG_WARN_CONSTANT_CONVERSION = YES;
				CLANG_WARN_DEPRECATED_OBJC_IMPLEMENTATIONS = YES;
				CLANG_WARN_DIRECT_OBJC_ISA_USAGE = YES_ERROR;
				CLANG_WARN_DOCUMENTATION_COMMENTS = YES;
				CLANG_WARN_EMPTY_BODY = YES;
				CLANG_WARN_ENUM_CONVERSION = YES;
				CLANG_WARN_INFINITE_RECURSION = YES;
				CLANG_WARN_INT_CONVERSION = YES;
				CLANG_WARN_NON_LITERAL_NULL_CONVERSION = YES;
				CLANG_WARN_OBJC_IMPLICIT_RETAIN_SELF = YES;
				CLANG_WARN_OBJC_LITERAL_CONVERSION = YES;
				CLANG_WARN_OBJC_ROOT_CLASS = YES_ERROR;
				CLANG_WARN_QUOTED_INCLUDE_IN_FRAMEWORK_HEADER = YES;
				CLANG_WARN_RANGE_LOOP_ANALYSIS = YES;
				CLANG_WARN_STRICT_PROTOTYPES = YES;
				CLANG_WARN_SUSPICIOUS_MOVE = YES;
				CLANG_WARN_UNGUARDED_AVAILABILITY = YES_AGGRESSIVE;
				CLANG_WARN_UNREACHABLE_CODE = YES;
				CLANG_WARN__DUPLICATE_METHOD_MATCH = YES;
				COPY_PHASE_STRIP = NO;
				DEBUG_INFORMATION_FORMAT = "dwarf-with-dsym";
				ENABLE_NS_ASSERTIONS = NO;
				ENABLE_STRICT_OBJC_MSGSEND = YES;
				ENABLE_USER_SCRIPT_SANDBOXING = YES;
				GCC_C_LANGUAGE_STANDARD = gnu17;
				GCC_NO_COMMON_BLOCKS = YES;
				GCC_WARN_64_TO_32_BIT_CONVERSION = YES;
				GCC_WARN_ABOUT_RETURN_TYPE = YES_ERROR;
				GCC_WARN_UNDECLARED_SELECTOR = YES;
				GCC_WARN_UNINITIALIZED_AUTOS = YES_AGGRESSIVE;
				GCC_WARN_UNUSED_FUNCTION = YES;
				GCC_WARN_UNUSED_VARIABLE = YES;
				IPHONEOS_DEPLOYMENT_TARGET = 17.5;
				LOCALIZATION_PREFERS_STRING_CATALOGS = YES;
				MTL_ENABLE_DEBUG_INFO = NO;
				MTL_FAST_MATH = YES;
				SDKROOT = iphoneos;
				SWIFT_COMPILATION_MODE = wholemodule;
				VALIDATE_PRODUCT = YES;
			};
			name = Release;
		};
		88727BFD2CDCA57800EFF8DF /* Debug */ = {
			isa = XCBuildConfiguration;
			buildSettings = {
				ASSETCATALOG_COMPILER_APPICON_NAME = AppIcon;
				ASSETCATALOG_COMPILER_GLOBAL_ACCENT_COLOR_NAME = AccentColor;
				CODE_SIGN_STYLE = Automatic;
				CURRENT_PROJECT_VERSION = 1;
				GENERATE_INFOPLIST_FILE = YES;
				INFOPLIST_FILE = Test/Info.plist;
				INFOPLIST_KEY_UIApplicationSupportsIndirectInputEvents = YES;
				INFOPLIST_KEY_UILaunchStoryboardName = LaunchScreen;
				INFOPLIST_KEY_UISupportedInterfaceOrientations = UIInterfaceOrientationPortrait;
				INFOPLIST_KEY_UISupportedInterfaceOrientations_iPad = "UIInterfaceOrientationLandscapeLeft UIInterfaceOrientationLandscapeRight UIInterfaceOrientationPortrait UIInterfaceOrientationPortraitUpsideDown";
				IPHONEOS_DEPLOYMENT_TARGET = 16.0;
				LD_RUNPATH_SEARCH_PATHS = (
					"$(inherited)",
					"@executable_path/Frameworks",
				);
				MARKETING_VERSION = 1.0;
				PRODUCT_BUNDLE_IDENTIFIER = com.jm.Test;
				PRODUCT_NAME = "$(TARGET_NAME)";
				SUPPORTED_PLATFORMS = "iphoneos iphonesimulator";
				SUPPORTS_MACCATALYST = NO;
				SUPPORTS_MAC_DESIGNED_FOR_IPHONE_IPAD = NO;
				SUPPORTS_XR_DESIGNED_FOR_IPHONE_IPAD = NO;
				SWIFT_EMIT_LOC_STRINGS = YES;
				SWIFT_VERSION = 5.0;
				TARGETED_DEVICE_FAMILY = 1;
			};
			name = Debug;
		};
		88727BFE2CDCA57800EFF8DF /* Release */ = {
			isa = XCBuildConfiguration;
			buildSettings = {
				ASSETCATALOG_COMPILER_APPICON_NAME = AppIcon;
				ASSETCATALOG_COMPILER_GLOBAL_ACCENT_COLOR_NAME = AccentColor;
				CODE_SIGN_STYLE = Automatic;
				CURRENT_PROJECT_VERSION = 1;
				GENERATE_INFOPLIST_FILE = YES;
				INFOPLIST_FILE = Test/Info.plist;
				INFOPLIST_KEY_UIApplicationSupportsIndirectInputEvents = YES;
				INFOPLIST_KEY_UILaunchStoryboardName = LaunchScreen;
				INFOPLIST_KEY_UISupportedInterfaceOrientations = UIInterfaceOrientationPortrait;
				INFOPLIST_KEY_UISupportedInterfaceOrientations_iPad = "UIInterfaceOrientationLandscapeLeft UIInterfaceOrientationLandscapeRight UIInterfaceOrientationPortrait UIInterfaceOrientationPortraitUpsideDown";
				IPHONEOS_DEPLOYMENT_TARGET = 16.0;
				LD_RUNPATH_SEARCH_PATHS = (
					"$(inherited)",
					"@executable_path/Frameworks",
				);
				MARKETING_VERSION = 1.0;
				PRODUCT_BUNDLE_IDENTIFIER = com.jm.Test;
				PRODUCT_NAME = "$(TARGET_NAME)";
				SUPPORTED_PLATFORMS = "iphoneos iphonesimulator";
				SUPPORTS_MACCATALYST = NO;
				SUPPORTS_MAC_DESIGNED_FOR_IPHONE_IPAD = NO;
				SUPPORTS_XR_DESIGNED_FOR_IPHONE_IPAD = NO;
				SWIFT_EMIT_LOC_STRINGS = YES;
				SWIFT_VERSION = 5.0;
				TARGETED_DEVICE_FAMILY = 1;
			};
			name = Release;
		};
		88D743C62CE1D2A400EB99FC /* Debug */ = {
			isa = XCBuildConfiguration;
			buildSettings = {
				BUNDLE_LOADER = "$(TEST_HOST)";
				CODE_SIGN_STYLE = Automatic;
				CURRENT_PROJECT_VERSION = 1;
				GENERATE_INFOPLIST_FILE = YES;
				MARKETING_VERSION = 1.0;
				PRODUCT_BUNDLE_IDENTIFIER = com.jm.NetworkTest;
				PRODUCT_NAME = "$(TARGET_NAME)";
				SWIFT_EMIT_LOC_STRINGS = NO;
				SWIFT_VERSION = 5.0;
				TARGETED_DEVICE_FAMILY = "1,2";
				TEST_HOST = "$(BUILT_PRODUCTS_DIR)/Test.app/$(BUNDLE_EXECUTABLE_FOLDER_PATH)/Test";
			};
			name = Debug;
		};
		88D743C72CE1D2A400EB99FC /* Release */ = {
			isa = XCBuildConfiguration;
			buildSettings = {
				BUNDLE_LOADER = "$(TEST_HOST)";
				CODE_SIGN_STYLE = Automatic;
				CURRENT_PROJECT_VERSION = 1;
				GENERATE_INFOPLIST_FILE = YES;
				MARKETING_VERSION = 1.0;
				PRODUCT_BUNDLE_IDENTIFIER = com.jm.NetworkTest;
				PRODUCT_NAME = "$(TARGET_NAME)";
				SWIFT_EMIT_LOC_STRINGS = NO;
				SWIFT_VERSION = 5.0;
				TARGETED_DEVICE_FAMILY = "1,2";
				TEST_HOST = "$(BUILT_PRODUCTS_DIR)/Test.app/$(BUNDLE_EXECUTABLE_FOLDER_PATH)/Test";
			};
			name = Release;
		};
/* End XCBuildConfiguration section */

/* Begin XCConfigurationList section */
		88727BE32CDCA57700EFF8DF /* Build configuration list for PBXProject "Test" */ = {
			isa = XCConfigurationList;
			buildConfigurations = (
				88727BFA2CDCA57800EFF8DF /* Debug */,
				88727BFB2CDCA57800EFF8DF /* Release */,
			);
			defaultConfigurationIsVisible = 0;
			defaultConfigurationName = Release;
		};
		88727BFC2CDCA57800EFF8DF /* Build configuration list for PBXNativeTarget "Test" */ = {
			isa = XCConfigurationList;
			buildConfigurations = (
				88727BFD2CDCA57800EFF8DF /* Debug */,
				88727BFE2CDCA57800EFF8DF /* Release */,
			);
			defaultConfigurationIsVisible = 0;
			defaultConfigurationName = Release;
		};
		88D743C52CE1D2A400EB99FC /* Build configuration list for PBXNativeTarget "NetworkTest" */ = {
			isa = XCConfigurationList;
			buildConfigurations = (
				88D743C62CE1D2A400EB99FC /* Debug */,
				88D743C72CE1D2A400EB99FC /* Release */,
			);
			defaultConfigurationIsVisible = 0;
			defaultConfigurationName = Release;
		};
/* End XCConfigurationList section */

/* Begin XCRemoteSwiftPackageReference section */
		88727C012CDCA9B200EFF8DF /* XCRemoteSwiftPackageReference "SnapKit" */ = {
			isa = XCRemoteSwiftPackageReference;
			repositoryURL = "https://github.com/SnapKit/SnapKit.git";
			requirement = {
				kind = upToNextMajorVersion;
				minimumVersion = 5.7.1;
			};
		};
		88727C082CDCB2AB00EFF8DF /* XCRemoteSwiftPackageReference "Toast-Swift" */ = {
			isa = XCRemoteSwiftPackageReference;
			repositoryURL = "https://github.com/scalessec/Toast-Swift.git";
			requirement = {
				kind = upToNextMajorVersion;
				minimumVersion = 5.1.1;
			};
		};
		88D743CD2CE1FC2C00EB99FC /* XCRemoteSwiftPackageReference "Kingfisher" */ = {
			isa = XCRemoteSwiftPackageReference;
			repositoryURL = "https://github.com/onevcat/Kingfisher";
			requirement = {
				kind = upToNextMajorVersion;
				minimumVersion = 8.1.0;
			};
		};
/* End XCRemoteSwiftPackageReference section */

/* Begin XCSwiftPackageProductDependency section */
		88727C022CDCA9B200EFF8DF /* SnapKit */ = {
			isa = XCSwiftPackageProductDependency;
			package = 88727C012CDCA9B200EFF8DF /* XCRemoteSwiftPackageReference "SnapKit" */;
			productName = SnapKit;
		};
		88727C092CDCB2AB00EFF8DF /* Toast */ = {
			isa = XCSwiftPackageProductDependency;
			package = 88727C082CDCB2AB00EFF8DF /* XCRemoteSwiftPackageReference "Toast-Swift" */;
			productName = Toast;
		};
		88D743CE2CE1FC2C00EB99FC /* Kingfisher */ = {
			isa = XCSwiftPackageProductDependency;
			package = 88D743CD2CE1FC2C00EB99FC /* XCRemoteSwiftPackageReference "Kingfisher" */;
			productName = Kingfisher;
		};
/* End XCSwiftPackageProductDependency section */
	};
	rootObject = 88727BE02CDCA57700EFF8DF /* Project object */;
}
